// !$*UTF8*$!
{
	archiveVersion = 1;
	classes = {
	};
	objectVersion = 51;
	objects = {

/* Begin PBXBuildFile section */
		036184DC278328F600F1F16B /* Mapper.swift in Sources */ = {isa = PBXBuildFile; fileRef = 036184DB278328F500F1F16B /* Mapper.swift */; };
		0F2A74E9BD919513604C4C6D /* Pods_test.framework in Frameworks */ = {isa = PBXBuildFile; fileRef = 0C264E2688D16443FBCC12D2 /* Pods_test.framework */; };
		240FD23726B26DE500253683 /* AppDelegate.swift in Sources */ = {isa = PBXBuildFile; fileRef = 240FD23626B26DE500253683 /* AppDelegate.swift */; };
		240FD23E26B26DE500253683 /* Main.storyboard in Resources */ = {isa = PBXBuildFile; fileRef = 240FD23C26B26DE500253683 /* Main.storyboard */; };
		240FD24026B26DE700253683 /* Assets.xcassets in Resources */ = {isa = PBXBuildFile; fileRef = 240FD23F26B26DE700253683 /* Assets.xcassets */; };
		240FD24326B26DE700253683 /* LaunchScreen.storyboard in Resources */ = {isa = PBXBuildFile; fileRef = 240FD24126B26DE700253683 /* LaunchScreen.storyboard */; };
		240FD25326B26ECD00253683 /* SocketIOManager.swift in Sources */ = {isa = PBXBuildFile; fileRef = 240FD25226B26ECD00253683 /* SocketIOManager.swift */; };
		242B21732781EF7B0025D9F8 /* LoginViewController.swift in Sources */ = {isa = PBXBuildFile; fileRef = 242B21722781EF7B0025D9F8 /* LoginViewController.swift */; };
		242B2178278267EE0025D9F8 /* ToastMessage.swift in Sources */ = {isa = PBXBuildFile; fileRef = 242B2177278267EE0025D9F8 /* ToastMessage.swift */; };
		242B21842782CE8F0025D9F8 /* RoomDTO.swift in Sources */ = {isa = PBXBuildFile; fileRef = 242B21832782CE8F0025D9F8 /* RoomDTO.swift */; };
		242B21872782CF670025D9F8 /* SocketIOManagerType.swift in Sources */ = {isa = PBXBuildFile; fileRef = 242B21862782CF670025D9F8 /* SocketIOManagerType.swift */; };
		242B21992782D3120025D9F8 /* MockSocketIOManager.swift in Sources */ = {isa = PBXBuildFile; fileRef = 242B21982782D3120025D9F8 /* MockSocketIOManager.swift */; };
		244FF8582783098300AAC613 /* UserDTO.swift in Sources */ = {isa = PBXBuildFile; fileRef = 244FF8572783098300AAC613 /* UserDTO.swift */; };
		244FF85B2783098B00AAC613 /* ChatDTO.swift in Sources */ = {isa = PBXBuildFile; fileRef = 244FF85A2783098B00AAC613 /* ChatDTO.swift */; };
		244FF86027830C0900AAC613 /* RoomViewModel.swift in Sources */ = {isa = PBXBuildFile; fileRef = 244FF85F27830C0900AAC613 /* RoomViewModel.swift */; };
		2459ACBB26B5239D0025FE9B /* DummyData.swift in Sources */ = {isa = PBXBuildFile; fileRef = 2459ACBA26B5239D0025FE9B /* DummyData.swift */; };
		2459ACBE26B59DB90025FE9B /* RoomsTableViewController.swift in Sources */ = {isa = PBXBuildFile; fileRef = 2459ACBD26B59DB90025FE9B /* RoomsTableViewController.swift */; };
		2459ACC326B59E280025FE9B /* Room.swift in Sources */ = {isa = PBXBuildFile; fileRef = 2459ACC226B59E280025FE9B /* Room.swift */; };
		2459ACD326B6EE420025FE9B /* ChatViewController.swift in Sources */ = {isa = PBXBuildFile; fileRef = 2459ACD226B6EE420025FE9B /* ChatViewController.swift */; };
		2459ACDF26B7D93F0025FE9B /* HeaderReusableView.swift in Sources */ = {isa = PBXBuildFile; fileRef = 2459ACDE26B7D93F0025FE9B /* HeaderReusableView.swift */; };
		24A5563A26B510270020ED96 /* Chat.swift in Sources */ = {isa = PBXBuildFile; fileRef = 24A5563926B510270020ED96 /* Chat.swift */; };
		24A5563D26B5102F0020ED96 /* User.swift in Sources */ = {isa = PBXBuildFile; fileRef = 24A5563C26B5102F0020ED96 /* User.swift */; };
/* End PBXBuildFile section */

/* Begin PBXFileReference section */
		036184DB278328F500F1F16B /* Mapper.swift */ = {isa = PBXFileReference; lastKnownFileType = sourcecode.swift; path = Mapper.swift; sourceTree = "<group>"; };
		0C264E2688D16443FBCC12D2 /* Pods_test.framework */ = {isa = PBXFileReference; explicitFileType = wrapper.framework; includeInIndex = 0; path = Pods_test.framework; sourceTree = BUILT_PRODUCTS_DIR; };
		240FD23326B26DE500253683 /* test.app */ = {isa = PBXFileReference; explicitFileType = wrapper.application; includeInIndex = 0; path = test.app; sourceTree = BUILT_PRODUCTS_DIR; };
		240FD23626B26DE500253683 /* AppDelegate.swift */ = {isa = PBXFileReference; lastKnownFileType = sourcecode.swift; path = AppDelegate.swift; sourceTree = "<group>"; };
		240FD23D26B26DE500253683 /* Base */ = {isa = PBXFileReference; lastKnownFileType = file.storyboard; name = Base; path = Base.lproj/Main.storyboard; sourceTree = "<group>"; };
		240FD23F26B26DE700253683 /* Assets.xcassets */ = {isa = PBXFileReference; lastKnownFileType = folder.assetcatalog; path = Assets.xcassets; sourceTree = "<group>"; };
		240FD24226B26DE700253683 /* Base */ = {isa = PBXFileReference; lastKnownFileType = file.storyboard; name = Base; path = Base.lproj/LaunchScreen.storyboard; sourceTree = "<group>"; };
		240FD24426B26DE700253683 /* Info.plist */ = {isa = PBXFileReference; lastKnownFileType = text.plist.xml; path = Info.plist; sourceTree = "<group>"; };
		240FD25226B26ECD00253683 /* SocketIOManager.swift */ = {isa = PBXFileReference; lastKnownFileType = sourcecode.swift; path = SocketIOManager.swift; sourceTree = "<group>"; };
		242B21722781EF7B0025D9F8 /* LoginViewController.swift */ = {isa = PBXFileReference; lastKnownFileType = sourcecode.swift; path = LoginViewController.swift; sourceTree = "<group>"; };
		242B2177278267EE0025D9F8 /* ToastMessage.swift */ = {isa = PBXFileReference; lastKnownFileType = sourcecode.swift; path = ToastMessage.swift; sourceTree = "<group>"; };
		242B21832782CE8F0025D9F8 /* RoomDTO.swift */ = {isa = PBXFileReference; lastKnownFileType = sourcecode.swift; path = RoomDTO.swift; sourceTree = "<group>"; };
		242B21862782CF670025D9F8 /* SocketIOManagerType.swift */ = {isa = PBXFileReference; lastKnownFileType = sourcecode.swift; path = SocketIOManagerType.swift; sourceTree = "<group>"; };
		242B21982782D3120025D9F8 /* MockSocketIOManager.swift */ = {isa = PBXFileReference; lastKnownFileType = sourcecode.swift; path = MockSocketIOManager.swift; sourceTree = "<group>"; };
		244FF8572783098300AAC613 /* UserDTO.swift */ = {isa = PBXFileReference; lastKnownFileType = sourcecode.swift; path = UserDTO.swift; sourceTree = "<group>"; };
		244FF85A2783098B00AAC613 /* ChatDTO.swift */ = {isa = PBXFileReference; lastKnownFileType = sourcecode.swift; path = ChatDTO.swift; sourceTree = "<group>"; };
		244FF85F27830C0900AAC613 /* RoomViewModel.swift */ = {isa = PBXFileReference; lastKnownFileType = sourcecode.swift; path = RoomViewModel.swift; sourceTree = "<group>"; };
		2459ACBA26B5239D0025FE9B /* DummyData.swift */ = {isa = PBXFileReference; lastKnownFileType = sourcecode.swift; path = DummyData.swift; sourceTree = "<group>"; };
		2459ACBD26B59DB90025FE9B /* RoomsTableViewController.swift */ = {isa = PBXFileReference; lastKnownFileType = sourcecode.swift; path = RoomsTableViewController.swift; sourceTree = "<group>"; };
		2459ACC226B59E280025FE9B /* Room.swift */ = {isa = PBXFileReference; lastKnownFileType = sourcecode.swift; path = Room.swift; sourceTree = "<group>"; };
		2459ACD226B6EE420025FE9B /* ChatViewController.swift */ = {isa = PBXFileReference; lastKnownFileType = sourcecode.swift; path = ChatViewController.swift; sourceTree = "<group>"; };
		2459ACDE26B7D93F0025FE9B /* HeaderReusableView.swift */ = {isa = PBXFileReference; lastKnownFileType = sourcecode.swift; path = HeaderReusableView.swift; sourceTree = "<group>"; };
		24A5563926B510270020ED96 /* Chat.swift */ = {isa = PBXFileReference; lastKnownFileType = sourcecode.swift; path = Chat.swift; sourceTree = "<group>"; };
		24A5563C26B5102F0020ED96 /* User.swift */ = {isa = PBXFileReference; lastKnownFileType = sourcecode.swift; path = User.swift; sourceTree = "<group>"; };
		8B990531FC94653307BFB9B7 /* Pods-test.release.xcconfig */ = {isa = PBXFileReference; includeInIndex = 1; lastKnownFileType = text.xcconfig; name = "Pods-test.release.xcconfig"; path = "Target Support Files/Pods-test/Pods-test.release.xcconfig"; sourceTree = "<group>"; };
		D5397A9436F02BA136EF9321 /* Pods-test.debug.xcconfig */ = {isa = PBXFileReference; includeInIndex = 1; lastKnownFileType = text.xcconfig; name = "Pods-test.debug.xcconfig"; path = "Target Support Files/Pods-test/Pods-test.debug.xcconfig"; sourceTree = "<group>"; };
/* End PBXFileReference section */

/* Begin PBXFrameworksBuildPhase section */
		240FD23026B26DE500253683 /* Frameworks */ = {
			isa = PBXFrameworksBuildPhase;
			buildActionMask = 2147483647;
			files = (
				0F2A74E9BD919513604C4C6D /* Pods_test.framework in Frameworks */,
			);
			runOnlyForDeploymentPostprocessing = 0;
		};
/* End PBXFrameworksBuildPhase section */

/* Begin PBXGroup section */
		07202EB0AF9F594E162C45C3 /* Frameworks */ = {
			isa = PBXGroup;
			children = (
				0C264E2688D16443FBCC12D2 /* Pods_test.framework */,
			);
			name = Frameworks;
			sourceTree = "<group>";
		};
		240FD22A26B26DE500253683 = {
			isa = PBXGroup;
			children = (
				240FD23526B26DE500253683 /* test */,
				240FD23426B26DE500253683 /* Products */,
				D6E04F2C6CFE370804576ABA /* Pods */,
				07202EB0AF9F594E162C45C3 /* Frameworks */,
			);
			sourceTree = "<group>";
		};
		240FD23426B26DE500253683 /* Products */ = {
			isa = PBXGroup;
			children = (
				240FD23326B26DE500253683 /* test.app */,
			);
			name = Products;
			sourceTree = "<group>";
		};
		240FD23526B26DE500253683 /* test */ = {
			isa = PBXGroup;
			children = (
				240FD23626B26DE500253683 /* AppDelegate.swift */,
				242B217A2782C2430025D9F8 /* API */,
				242B217C2782CE100025D9F8 /* SocketNetworkManager */,
				24A5563726B510060020ED96 /* Model */,
				244FF85E27830BA000AAC613 /* ViewModel */,
				24A5564626B511E20020ED96 /* ViewController */,
				24A5564326B511890020ED96 /* Storyboard */,
				242B2176278267CC0025D9F8 /* View */,
				24A5564426B511930020ED96 /* Resource */,
				240FD24426B26DE700253683 /* Info.plist */,
			);
			path = test;
			sourceTree = "<group>";
		};
		242B2176278267CC0025D9F8 /* View */ = {
			isa = PBXGroup;
			children = (
				242B2177278267EE0025D9F8 /* ToastMessage.swift */,
			);
			path = View;
			sourceTree = "<group>";
		};
		242B217A2782C2430025D9F8 /* API */ = {
			isa = PBXGroup;
			children = (
				2459ACBA26B5239D0025FE9B /* DummyData.swift */,
			);
			path = API;
			sourceTree = "<group>";
		};
		242B217C2782CE100025D9F8 /* SocketNetworkManager */ = {
			isa = PBXGroup;
			children = (
				242B21862782CF670025D9F8 /* SocketIOManagerType.swift */,
				242B21982782D3120025D9F8 /* MockSocketIOManager.swift */,
				240FD25226B26ECD00253683 /* SocketIOManager.swift */,
				242B217E2782CE370025D9F8 /* DTO */,
			);
			path = SocketNetworkManager;
			sourceTree = "<group>";
		};
		242B217E2782CE370025D9F8 /* DTO */ = {
			isa = PBXGroup;
			children = (
				244FF8572783098300AAC613 /* UserDTO.swift */,
				244FF85A2783098B00AAC613 /* ChatDTO.swift */,
				242B21832782CE8F0025D9F8 /* RoomDTO.swift */,
			);
			path = DTO;
			sourceTree = "<group>";
		};
		244FF85E27830BA000AAC613 /* ViewModel */ = {
			isa = PBXGroup;
			children = (
				244FF85F27830C0900AAC613 /* RoomViewModel.swift */,
			);
			path = ViewModel;
			sourceTree = "<group>";
		};
		24A5563726B510060020ED96 /* Model */ = {
			isa = PBXGroup;
			children = (
				036184DB278328F500F1F16B /* Mapper.swift */,
				24A5563C26B5102F0020ED96 /* User.swift */,
				24A5563926B510270020ED96 /* Chat.swift */,
				2459ACC226B59E280025FE9B /* Room.swift */,
			);
			path = Model;
			sourceTree = "<group>";
		};
		24A5564326B511890020ED96 /* Storyboard */ = {
			isa = PBXGroup;
			children = (
				240FD23C26B26DE500253683 /* Main.storyboard */,
				240FD24126B26DE700253683 /* LaunchScreen.storyboard */,
			);
			path = Storyboard;
			sourceTree = "<group>";
		};
		24A5564426B511930020ED96 /* Resource */ = {
			isa = PBXGroup;
			children = (
				240FD23F26B26DE700253683 /* Assets.xcassets */,
			);
			path = Resource;
			sourceTree = "<group>";
		};
		24A5564626B511E20020ED96 /* ViewController */ = {
			isa = PBXGroup;
			children = (
				242B21722781EF7B0025D9F8 /* LoginViewController.swift */,
				2459ACBD26B59DB90025FE9B /* RoomsTableViewController.swift */,
				2459ACD226B6EE420025FE9B /* ChatViewController.swift */,
				2459ACDE26B7D93F0025FE9B /* HeaderReusableView.swift */,
			);
			path = ViewController;
			sourceTree = "<group>";
		};
		D6E04F2C6CFE370804576ABA /* Pods */ = {
			isa = PBXGroup;
			children = (
				D5397A9436F02BA136EF9321 /* Pods-test.debug.xcconfig */,
				8B990531FC94653307BFB9B7 /* Pods-test.release.xcconfig */,
			);
			path = Pods;
			sourceTree = "<group>";
		};
/* End PBXGroup section */

/* Begin PBXNativeTarget section */
		240FD23226B26DE500253683 /* test */ = {
			isa = PBXNativeTarget;
			buildConfigurationList = 240FD24726B26DE700253683 /* Build configuration list for PBXNativeTarget "test" */;
			buildPhases = (
				C52AEA0DFFEB5919CB171300 /* [CP] Check Pods Manifest.lock */,
				240FD22F26B26DE500253683 /* Sources */,
				240FD23026B26DE500253683 /* Frameworks */,
				240FD23126B26DE500253683 /* Resources */,
				3DC33B2130CE0ACA77C3D0C8 /* [CP] Embed Pods Frameworks */,
			);
			buildRules = (
			);
			dependencies = (
			);
			name = test;
			productName = test;
			productReference = 240FD23326B26DE500253683 /* test.app */;
			productType = "com.apple.product-type.application";
		};
/* End PBXNativeTarget section */

/* Begin PBXProject section */
		240FD22B26B26DE500253683 /* Project object */ = {
			isa = PBXProject;
			attributes = {
				LastSwiftUpdateCheck = 1240;
				LastUpgradeCheck = 1240;
				TargetAttributes = {
					240FD23226B26DE500253683 = {
						CreatedOnToolsVersion = 12.4;
					};
				};
			};
			buildConfigurationList = 240FD22E26B26DE500253683 /* Build configuration list for PBXProject "test" */;
			compatibilityVersion = "Xcode 9.3";
			developmentRegion = en;
			hasScannedForEncodings = 0;
			knownRegions = (
				en,
				Base,
			);
			mainGroup = 240FD22A26B26DE500253683;
			productRefGroup = 240FD23426B26DE500253683 /* Products */;
			projectDirPath = "";
			projectRoot = "";
			targets = (
				240FD23226B26DE500253683 /* test */,
			);
		};
/* End PBXProject section */

/* Begin PBXResourcesBuildPhase section */
		240FD23126B26DE500253683 /* Resources */ = {
			isa = PBXResourcesBuildPhase;
			buildActionMask = 2147483647;
			files = (
				240FD24326B26DE700253683 /* LaunchScreen.storyboard in Resources */,
				240FD24026B26DE700253683 /* Assets.xcassets in Resources */,
				240FD23E26B26DE500253683 /* Main.storyboard in Resources */,
			);
			runOnlyForDeploymentPostprocessing = 0;
		};
/* End PBXResourcesBuildPhase section */

/* Begin PBXShellScriptBuildPhase section */
		3DC33B2130CE0ACA77C3D0C8 /* [CP] Embed Pods Frameworks */ = {
			isa = PBXShellScriptBuildPhase;
			buildActionMask = 2147483647;
			files = (
			);
			inputFileListPaths = (
				"${PODS_ROOT}/Target Support Files/Pods-test/Pods-test-frameworks-${CONFIGURATION}-input-files.xcfilelist",
			);
			name = "[CP] Embed Pods Frameworks";
			outputFileListPaths = (
				"${PODS_ROOT}/Target Support Files/Pods-test/Pods-test-frameworks-${CONFIGURATION}-output-files.xcfilelist",
			);
			runOnlyForDeploymentPostprocessing = 0;
			shellPath = /bin/sh;
			shellScript = "\"${PODS_ROOT}/Target Support Files/Pods-test/Pods-test-frameworks.sh\"\n";
			showEnvVarsInLog = 0;
		};
		C52AEA0DFFEB5919CB171300 /* [CP] Check Pods Manifest.lock */ = {
			isa = PBXShellScriptBuildPhase;
			buildActionMask = 2147483647;
			files = (
			);
			inputFileListPaths = (
			);
			inputPaths = (
				"${PODS_PODFILE_DIR_PATH}/Podfile.lock",
				"${PODS_ROOT}/Manifest.lock",
			);
			name = "[CP] Check Pods Manifest.lock";
			outputFileListPaths = (
			);
			outputPaths = (
				"$(DERIVED_FILE_DIR)/Pods-test-checkManifestLockResult.txt",
			);
			runOnlyForDeploymentPostprocessing = 0;
			shellPath = /bin/sh;
			shellScript = "diff \"${PODS_PODFILE_DIR_PATH}/Podfile.lock\" \"${PODS_ROOT}/Manifest.lock\" > /dev/null\nif [ $? != 0 ] ; then\n    # print error to STDERR\n    echo \"error: The sandbox is not in sync with the Podfile.lock. Run 'pod install' or update your CocoaPods installation.\" >&2\n    exit 1\nfi\n# This output is used by Xcode 'outputs' to avoid re-running this script phase.\necho \"SUCCESS\" > \"${SCRIPT_OUTPUT_FILE_0}\"\n";
			showEnvVarsInLog = 0;
		};
/* End PBXShellScriptBuildPhase section */

/* Begin PBXSourcesBuildPhase section */
		240FD22F26B26DE500253683 /* Sources */ = {
			isa = PBXSourcesBuildPhase;
			buildActionMask = 2147483647;
			files = (
				242B21992782D3120025D9F8 /* MockSocketIOManager.swift in Sources */,
				2459ACBE26B59DB90025FE9B /* RoomsTableViewController.swift in Sources */,
				242B21872782CF670025D9F8 /* SocketIOManagerType.swift in Sources */,
				244FF8582783098300AAC613 /* UserDTO.swift in Sources */,
				242B2178278267EE0025D9F8 /* ToastMessage.swift in Sources */,
				240FD25326B26ECD00253683 /* SocketIOManager.swift in Sources */,
				2459ACDF26B7D93F0025FE9B /* HeaderReusableView.swift in Sources */,
				2459ACBB26B5239D0025FE9B /* DummyData.swift in Sources */,
				24A5563D26B5102F0020ED96 /* User.swift in Sources */,
				2459ACC326B59E280025FE9B /* Room.swift in Sources */,
				240FD23726B26DE500253683 /* AppDelegate.swift in Sources */,
				242B21842782CE8F0025D9F8 /* RoomDTO.swift in Sources */,
				24A5563A26B510270020ED96 /* Chat.swift in Sources */,
				244FF86027830C0900AAC613 /* RoomViewModel.swift in Sources */,
				2459ACD326B6EE420025FE9B /* ChatViewController.swift in Sources */,
				242B21732781EF7B0025D9F8 /* LoginViewController.swift in Sources */,
				244FF85B2783098B00AAC613 /* ChatDTO.swift in Sources */,
				036184DC278328F600F1F16B /* Mapper.swift in Sources */,
			);
			runOnlyForDeploymentPostprocessing = 0;
		};
/* End PBXSourcesBuildPhase section */

/* Begin PBXVariantGroup section */
		240FD23C26B26DE500253683 /* Main.storyboard */ = {
			isa = PBXVariantGroup;
			children = (
				240FD23D26B26DE500253683 /* Base */,
			);
			name = Main.storyboard;
			sourceTree = "<group>";
		};
		240FD24126B26DE700253683 /* LaunchScreen.storyboard */ = {
			isa = PBXVariantGroup;
			children = (
				240FD24226B26DE700253683 /* Base */,
			);
			name = LaunchScreen.storyboard;
			sourceTree = "<group>";
		};
/* End PBXVariantGroup section */

/* Begin XCBuildConfiguration section */
		240FD24526B26DE700253683 /* Debug */ = {
			isa = XCBuildConfiguration;
			buildSettings = {
				ALWAYS_SEARCH_USER_PATHS = NO;
				CLANG_ANALYZER_NONNULL = YES;
				CLANG_ANALYZER_NUMBER_OBJECT_CONVERSION = YES_AGGRESSIVE;
				CLANG_CXX_LANGUAGE_STANDARD = "gnu++14";
				CLANG_CXX_LIBRARY = "libc++";
				CLANG_ENABLE_MODULES = YES;
				CLANG_ENABLE_OBJC_ARC = YES;
				CLANG_ENABLE_OBJC_WEAK = YES;
				CLANG_WARN_BLOCK_CAPTURE_AUTORELEASING = YES;
				CLANG_WARN_BOOL_CONVERSION = YES;
				CLANG_WARN_COMMA = YES;
				CLANG_WARN_CONSTANT_CONVERSION = YES;
				CLANG_WARN_DEPRECATED_OBJC_IMPLEMENTATIONS = YES;
				CLANG_WARN_DIRECT_OBJC_ISA_USAGE = YES_ERROR;
				CLANG_WARN_DOCUMENTATION_COMMENTS = YES;
				CLANG_WARN_EMPTY_BODY = YES;
				CLANG_WARN_ENUM_CONVERSION = YES;
				CLANG_WARN_INFINITE_RECURSION = YES;
				CLANG_WARN_INT_CONVERSION = YES;
				CLANG_WARN_NON_LITERAL_NULL_CONVERSION = YES;
				CLANG_WARN_OBJC_IMPLICIT_RETAIN_SELF = YES;
				CLANG_WARN_OBJC_LITERAL_CONVERSION = YES;
				CLANG_WARN_OBJC_ROOT_CLASS = YES_ERROR;
				CLANG_WARN_QUOTED_INCLUDE_IN_FRAMEWORK_HEADER = YES;
				CLANG_WARN_RANGE_LOOP_ANALYSIS = YES;
				CLANG_WARN_STRICT_PROTOTYPES = YES;
				CLANG_WARN_SUSPICIOUS_MOVE = YES;
				CLANG_WARN_UNGUARDED_AVAILABILITY = YES_AGGRESSIVE;
				CLANG_WARN_UNREACHABLE_CODE = YES;
				CLANG_WARN__DUPLICATE_METHOD_MATCH = YES;
				COPY_PHASE_STRIP = NO;
				DEBUG_INFORMATION_FORMAT = dwarf;
				ENABLE_STRICT_OBJC_MSGSEND = YES;
				ENABLE_TESTABILITY = YES;
				GCC_C_LANGUAGE_STANDARD = gnu11;
				GCC_DYNAMIC_NO_PIC = NO;
				GCC_NO_COMMON_BLOCKS = YES;
				GCC_OPTIMIZATION_LEVEL = 0;
				GCC_PREPROCESSOR_DEFINITIONS = (
					"DEBUG=1",
					"$(inherited)",
				);
				GCC_WARN_64_TO_32_BIT_CONVERSION = YES;
				GCC_WARN_ABOUT_RETURN_TYPE = YES_ERROR;
				GCC_WARN_UNDECLARED_SELECTOR = YES;
				GCC_WARN_UNINITIALIZED_AUTOS = YES_AGGRESSIVE;
				GCC_WARN_UNUSED_FUNCTION = YES;
				GCC_WARN_UNUSED_VARIABLE = YES;
				IPHONEOS_DEPLOYMENT_TARGET = 10.0;
				MTL_ENABLE_DEBUG_INFO = INCLUDE_SOURCE;
				MTL_FAST_MATH = YES;
				ONLY_ACTIVE_ARCH = YES;
				SDKROOT = iphoneos;
				SWIFT_ACTIVE_COMPILATION_CONDITIONS = DEBUG;
				SWIFT_OPTIMIZATION_LEVEL = "-Onone";
			};
			name = Debug;
		};
		240FD24626B26DE700253683 /* Release */ = {
			isa = XCBuildConfiguration;
			buildSettings = {
				ALWAYS_SEARCH_USER_PATHS = NO;
				CLANG_ANALYZER_NONNULL = YES;
				CLANG_ANALYZER_NUMBER_OBJECT_CONVERSION = YES_AGGRESSIVE;
				CLANG_CXX_LANGUAGE_STANDARD = "gnu++14";
				CLANG_CXX_LIBRARY = "libc++";
				CLANG_ENABLE_MODULES = YES;
				CLANG_ENABLE_OBJC_ARC = YES;
				CLANG_ENABLE_OBJC_WEAK = YES;
				CLANG_WARN_BLOCK_CAPTURE_AUTORELEASING = YES;
				CLANG_WARN_BOOL_CONVERSION = YES;
				CLANG_WARN_COMMA = YES;
				CLANG_WARN_CONSTANT_CONVERSION = YES;
				CLANG_WARN_DEPRECATED_OBJC_IMPLEMENTATIONS = YES;
				CLANG_WARN_DIRECT_OBJC_ISA_USAGE = YES_ERROR;
				CLANG_WARN_DOCUMENTATION_COMMENTS = YES;
				CLANG_WARN_EMPTY_BODY = YES;
				CLANG_WARN_ENUM_CONVERSION = YES;
				CLANG_WARN_INFINITE_RECURSION = YES;
				CLANG_WARN_INT_CONVERSION = YES;
				CLANG_WARN_NON_LITERAL_NULL_CONVERSION = YES;
				CLANG_WARN_OBJC_IMPLICIT_RETAIN_SELF = YES;
				CLANG_WARN_OBJC_LITERAL_CONVERSION = YES;
				CLANG_WARN_OBJC_ROOT_CLASS = YES_ERROR;
				CLANG_WARN_QUOTED_INCLUDE_IN_FRAMEWORK_HEADER = YES;
				CLANG_WARN_RANGE_LOOP_ANALYSIS = YES;
				CLANG_WARN_STRICT_PROTOTYPES = YES;
				CLANG_WARN_SUSPICIOUS_MOVE = YES;
				CLANG_WARN_UNGUARDED_AVAILABILITY = YES_AGGRESSIVE;
				CLANG_WARN_UNREACHABLE_CODE = YES;
				CLANG_WARN__DUPLICATE_METHOD_MATCH = YES;
				COPY_PHASE_STRIP = NO;
				DEBUG_INFORMATION_FORMAT = "dwarf-with-dsym";
				ENABLE_NS_ASSERTIONS = NO;
				ENABLE_STRICT_OBJC_MSGSEND = YES;
				GCC_C_LANGUAGE_STANDARD = gnu11;
				GCC_NO_COMMON_BLOCKS = YES;
				GCC_WARN_64_TO_32_BIT_CONVERSION = YES;
				GCC_WARN_ABOUT_RETURN_TYPE = YES_ERROR;
				GCC_WARN_UNDECLARED_SELECTOR = YES;
				GCC_WARN_UNINITIALIZED_AUTOS = YES_AGGRESSIVE;
				GCC_WARN_UNUSED_FUNCTION = YES;
				GCC_WARN_UNUSED_VARIABLE = YES;
				IPHONEOS_DEPLOYMENT_TARGET = 10.0;
				MTL_ENABLE_DEBUG_INFO = NO;
				MTL_FAST_MATH = YES;
				SDKROOT = iphoneos;
				SWIFT_COMPILATION_MODE = wholemodule;
				SWIFT_OPTIMIZATION_LEVEL = "-O";
				VALIDATE_PRODUCT = YES;
			};
			name = Release;
		};
		240FD24826B26DE700253683 /* Debug */ = {
			isa = XCBuildConfiguration;
			baseConfigurationReference = D5397A9436F02BA136EF9321 /* Pods-test.debug.xcconfig */;
			buildSettings = {
				ASSETCATALOG_COMPILER_APPICON_NAME = AppIcon;
				ASSETCATALOG_COMPILER_GLOBAL_ACCENT_COLOR_NAME = AccentColor;
				CODE_SIGN_STYLE = Automatic;
				DEVELOPMENT_TEAM = MBAJ2NCPU9;
				INFOPLIST_FILE = test/Info.plist;
				LD_RUNPATH_SEARCH_PATHS = (
					"$(inherited)",
					"@executable_path/Frameworks",
				);
				PRODUCT_BUNDLE_IDENTIFIER = com.DeveloperPaul.test;
				PRODUCT_NAME = "$(TARGET_NAME)";
				SWIFT_VERSION = 5.0;
				TARGETED_DEVICE_FAMILY = "1,2";
			};
			name = Debug;
		};
		240FD24926B26DE700253683 /* Release */ = {
			isa = XCBuildConfiguration;
			baseConfigurationReference = 8B990531FC94653307BFB9B7 /* Pods-test.release.xcconfig */;
			buildSettings = {
				ASSETCATALOG_COMPILER_APPICON_NAME = AppIcon;
				ASSETCATALOG_COMPILER_GLOBAL_ACCENT_COLOR_NAME = AccentColor;
				CODE_SIGN_STYLE = Automatic;
				DEVELOPMENT_TEAM = MBAJ2NCPU9;
				INFOPLIST_FILE = test/Info.plist;
				LD_RUNPATH_SEARCH_PATHS = (
					"$(inherited)",
					"@executable_path/Frameworks",
				);
				PRODUCT_BUNDLE_IDENTIFIER = com.DeveloperPaul.test;
				PRODUCT_NAME = "$(TARGET_NAME)";
				SWIFT_VERSION = 5.0;
				TARGETED_DEVICE_FAMILY = "1,2";
			};
			name = Release;
		};
/* End XCBuildConfiguration section */

/* Begin XCConfigurationList section */
		240FD22E26B26DE500253683 /* Build configuration list for PBXProject "test" */ = {
			isa = XCConfigurationList;
			buildConfigurations = (
				240FD24526B26DE700253683 /* Debug */,
				240FD24626B26DE700253683 /* Release */,
			);
			defaultConfigurationIsVisible = 0;
			defaultConfigurationName = Release;
		};
		240FD24726B26DE700253683 /* Build configuration list for PBXNativeTarget "test" */ = {
			isa = XCConfigurationList;
			buildConfigurations = (
				240FD24826B26DE700253683 /* Debug */,
				240FD24926B26DE700253683 /* Release */,
			);
			defaultConfigurationIsVisible = 0;
			defaultConfigurationName = Release;
		};
/* End XCConfigurationList section */
	};
	rootObject = 240FD22B26B26DE500253683 /* Project object */;
}
