PODS:
  - InputBarAccessoryView (4.3.3):
    - InputBarAccessoryView/Core (= 4.3.3)
  - InputBarAccessoryView/Core (4.3.3)
  - MessageKit (3.1.1):
    - InputBarAccessoryView (~> 4.3.0)
  - SDWebImage (5.11.1):
    - SDWebImage/Core (= 5.11.1)
  - SDWebImage/Core (5.11.1)
  - Socket.IO-Client-Swift (16.0.1):
    - Starscream (~> 4.0)
  - Starscream (4.0.4)

DEPENDENCIES:
  - MessageKit
  - SDWebImage
  - Socket.IO-Client-Swift

SPEC REPOS:
  trunk:
    - InputBarAccessoryView
    - MessageKit
    - SDWebImage
    - Socket.IO-Client-Swift
    - Starscream

SPEC CHECKSUMS:
  InputBarAccessoryView: 8e7fc09e9cba75e0fee5da13450e15c194806f69
  MessageKit: a3e612a54a24f5d9ca0295760749b481afd3f2da
  SDWebImage: a7f831e1a65eb5e285e3fb046a23fcfbf08e696d
  Socket.IO-Client-Swift: c116d6dc9fd6be9c259bacfe143f8725bce7d79e
  Starscream: 5178aed56b316f13fa3bc55694e583d35dd414d9

PODFILE CHECKSUM: da43203697280d1f363bb51e07f7a3999e929154

COCOAPODS: 1.10.1
